
Microsoft Visual Studio Solution File, Format Version 12.00
# Visual Studio Version 17
VisualStudioVersion = 17.1.32421.90
MinimumVisualStudioVersion = 10.0.40219.1
Project("{9A19103F-16F7-4668-BE54-9A1E7A4F7556}") = "IMS.Web", "IMS.Web\IMS.Web.csproj", "{01977BBD-52D1-4B36-A666-E39D80F3111A}"
EndProject
Project("{9A19103F-16F7-4668-BE54-9A1E7A4F7556}") = "IMS.UseCases", "IMS.UseCases\IMS.UseCases.csproj", "{27E64B77-2FA7-4EFC-81A6-2B3CE96A61E1}"
EndProject
Project("{9A19103F-16F7-4668-BE54-9A1E7A4F7556}") = "IMS.CoreBusiness", "IMS.CoreBusiness\IMS.CoreBusiness.csproj", "{4BC47346-6781-4817-A365-AB7B04773843}"
EndProject
Project("{9A19103F-16F7-4668-BE54-9A1E7A4F7556}") = "IMS.Plugins.EFCore", "IMS.Plugins.EFCore\IMS.Plugins.EFCore.csproj", "{9EC73A10-258C-4AC0-A988-C1BB203AF950}"
EndProject
Global
	GlobalSection(SolutionConfigurationPlatforms) = preSolution
		Debug|Any CPU = Debug|Any CPU
		Release|Any CPU = Release|Any CPU
	EndGlobalSection
	GlobalSection(ProjectConfigurationPlatforms) = postSolution
		{01977BBD-52D1-4B36-A666-E39D80F3111A}.Debug|Any CPU.ActiveCfg = Debug|Any CPU
		{01977BBD-52D1-4B36-A666-E39D80F3111A}.Debug|Any CPU.Build.0 = Debug|Any CPU
		{01977BBD-52D1-4B36-A666-E39D80F3111A}.Release|Any CPU.ActiveCfg = Release|Any CPU
		{01977BBD-52D1-4B36-A666-E39D80F3111A}.Release|Any CPU.Build.0 = Release|Any CPU
		{27E64B77-2FA7-4EFC-81A6-2B3CE96A61E1}.Debug|Any CPU.ActiveCfg = Debug|Any CPU
		{27E64B77-2FA7-4EFC-81A6-2B3CE96A61E1}.Debug|Any CPU.Build.0 = Debug|Any CPU
		{27E64B77-2FA7-4EFC-81A6-2B3CE96A61E1}.Release|Any CPU.ActiveCfg = Release|Any CPU
		{27E64B77-2FA7-4EFC-81A6-2B3CE96A61E1}.Release|Any CPU.Build.0 = Release|Any CPU
		{4BC47346-6781-4817-A365-AB7B04773843}.Debug|Any CPU.ActiveCfg = Debug|Any CPU
		{4BC47346-6781-4817-A365-AB7B04773843}.Debug|Any CPU.Build.0 = Debug|Any CPU
		{4BC47346-6781-4817-A365-AB7B04773843}.Release|Any CPU.ActiveCfg = Release|Any CPU
		{4BC47346-6781-4817-A365-AB7B04773843}.Release|Any CPU.Build.0 = Release|Any CPU
		{9EC73A10-258C-4AC0-A988-C1BB203AF950}.Debug|Any CPU.ActiveCfg = Debug|Any CPU
		{9EC73A10-258C-4AC0-A988-C1BB203AF950}.Debug|Any CPU.Build.0 = Debug|Any CPU
		{9EC73A10-258C-4AC0-A988-C1BB203AF950}.Release|Any CPU.ActiveCfg = Release|Any CPU
		{9EC73A10-258C-4AC0-A988-C1BB203AF950}.Release|Any CPU.Build.0 = Release|Any CPU
	EndGlobalSection
	GlobalSection(SolutionProperties) = preSolution
		HideSolutionNode = FALSE
	EndGlobalSection
	GlobalSection(ExtensibilityGlobals) = postSolution
		SolutionGuid = {0E37EE4A-1F1D-4D2D-8322-CA4A2A9DA662}
	EndGlobalSection
EndGlobal
